PODS:
  - Realm (1.0.2):
    - Realm/Headers (= 1.0.2)
  - Realm/Headers (1.0.2)
  - RealmSwift (1.0.2):
    - Realm (= 1.0.2)

DEPENDENCIES:
  - RealmSwift (from `git@github.com:realm/realm-cocoa.git`, branch `master`)

EXTERNAL SOURCES:
  RealmSwift:
    :branch: master
    :git: git@github.com:realm/realm-cocoa.git
    :submodules: true

CHECKOUT OPTIONS:
  RealmSwift:
    :commit: 60a98af1409cd81e330e3de8e3d872bee7e913b3
    :git: git@github.com:realm/realm-cocoa.git
    :submodules: true

SPEC CHECKSUMS:
  Realm: 9d5c46a4d7d27958530a8dfc58f63a99e5c2cba3
  RealmSwift: 4816c8608630a9a00bba6d726bb30b4bab6dd6bf

PODFILE CHECKSUM: 9afa9e4e5b407b72f2d478c7f83588e4bf0454fc

COCOAPODS: 1.0.1
