// !$*UTF8*$!
{
	archiveVersion = 1;
	classes = {
	};
	objectVersion = 46;
	objects = {

/* Begin PBXBuildFile section */
		0ABB1A11B9DA2EF9FF183C85 /* Pods_Realm_SamplerTests.framework in Frameworks */ = {isa = PBXBuildFile; fileRef = 8E7EDF3208D3D3E1AC855E4D /* Pods_Realm_SamplerTests.framework */; };
		3988875E1D05B8A300E91C06 /* AppDelegate.swift in Sources */ = {isa = PBXBuildFile; fileRef = 3988875D1D05B8A300E91C06 /* AppDelegate.swift */; };
		398887601D05B8A300E91C06 /* ViewController.swift in Sources */ = {isa = PBXBuildFile; fileRef = 3988875F1D05B8A300E91C06 /* ViewController.swift */; };
		398887631D05B8A300E91C06 /* Main.storyboard in Resources */ = {isa = PBXBuildFile; fileRef = 398887611D05B8A300E91C06 /* Main.storyboard */; };
		398887651D05B8A300E91C06 /* Assets.xcassets in Resources */ = {isa = PBXBuildFile; fileRef = 398887641D05B8A300E91C06 /* Assets.xcassets */; };
		398887681D05B8A300E91C06 /* LaunchScreen.storyboard in Resources */ = {isa = PBXBuildFile; fileRef = 398887661D05B8A300E91C06 /* LaunchScreen.storyboard */; };
		398887731D05B8A300E91C06 /* Realm_SamplerTests.swift in Sources */ = {isa = PBXBuildFile; fileRef = 398887721D05B8A300E91C06 /* Realm_SamplerTests.swift */; };
		3988877E1D05B8A300E91C06 /* Realm_SamplerUITests.swift in Sources */ = {isa = PBXBuildFile; fileRef = 3988877D1D05B8A300E91C06 /* Realm_SamplerUITests.swift */; };
		398887941D05C2C400E91C06 /* Default-568h@2x.png in Resources */ = {isa = PBXBuildFile; fileRef = 3988878E1D05C2C400E91C06 /* Default-568h@2x.png */; };
		398887951D05C2C400E91C06 /* Default-667h@2x.png in Resources */ = {isa = PBXBuildFile; fileRef = 3988878F1D05C2C400E91C06 /* Default-667h@2x.png */; };
		398887961D05C2C400E91C06 /* Default-736h@3x.png in Resources */ = {isa = PBXBuildFile; fileRef = 398887901D05C2C400E91C06 /* Default-736h@3x.png */; };
		398887971D05C2C400E91C06 /* README.md in Sources */ = {isa = PBXBuildFile; fileRef = 398887911D05C2C400E91C06 /* README.md */; };
		398887981D05C2C400E91C06 /* StoryboardHelper.swift in Sources */ = {isa = PBXBuildFile; fileRef = 398887921D05C2C400E91C06 /* StoryboardHelper.swift */; };
		9A2D7912655BA1AFB6257852 /* Pods_Realm_Sampler.framework in Frameworks */ = {isa = PBXBuildFile; fileRef = E392083DB5797719A8C6D275 /* Pods_Realm_Sampler.framework */; };
		D6F42249C11EEB4C9E4CFBA0 /* Pods_Realm_SamplerUITests.framework in Frameworks */ = {isa = PBXBuildFile; fileRef = E6C021097521FF7B865CDD5F /* Pods_Realm_SamplerUITests.framework */; };
/* End PBXBuildFile section */

/* Begin PBXContainerItemProxy section */
		3988876F1D05B8A300E91C06 /* PBXContainerItemProxy */ = {
			isa = PBXContainerItemProxy;
			containerPortal = 398887521D05B8A200E91C06 /* Project object */;
			proxyType = 1;
			remoteGlobalIDString = 398887591D05B8A200E91C06;
			remoteInfo = "Realm-Sampler";
		};
		3988877A1D05B8A300E91C06 /* PBXContainerItemProxy */ = {
			isa = PBXContainerItemProxy;
			containerPortal = 398887521D05B8A200E91C06 /* Project object */;
			proxyType = 1;
			remoteGlobalIDString = 398887591D05B8A200E91C06;
			remoteInfo = "Realm-Sampler";
		};
/* End PBXContainerItemProxy section */

/* Begin PBXFileReference section */
		3988875A1D05B8A200E91C06 /* Realm-Sampler.app */ = {isa = PBXFileReference; explicitFileType = wrapper.application; includeInIndex = 0; path = "Realm-Sampler.app"; sourceTree = BUILT_PRODUCTS_DIR; };
		3988875D1D05B8A300E91C06 /* AppDelegate.swift */ = {isa = PBXFileReference; lastKnownFileType = sourcecode.swift; path = AppDelegate.swift; sourceTree = "<group>"; };
		3988875F1D05B8A300E91C06 /* ViewController.swift */ = {isa = PBXFileReference; lastKnownFileType = sourcecode.swift; path = ViewController.swift; sourceTree = "<group>"; };
		398887621D05B8A300E91C06 /* Base */ = {isa = PBXFileReference; lastKnownFileType = file.storyboard; name = Base; path = Base.lproj/Main.storyboard; sourceTree = "<group>"; };
		398887641D05B8A300E91C06 /* Assets.xcassets */ = {isa = PBXFileReference; lastKnownFileType = folder.assetcatalog; path = Assets.xcassets; sourceTree = "<group>"; };
		398887671D05B8A300E91C06 /* Base */ = {isa = PBXFileReference; lastKnownFileType = file.storyboard; name = Base; path = Base.lproj/LaunchScreen.storyboard; sourceTree = "<group>"; };
		398887691D05B8A300E91C06 /* Info.plist */ = {isa = PBXFileReference; lastKnownFileType = text.plist.xml; path = Info.plist; sourceTree = "<group>"; };
		3988876E1D05B8A300E91C06 /* Realm-SamplerTests.xctest */ = {isa = PBXFileReference; explicitFileType = wrapper.cfbundle; includeInIndex = 0; path = "Realm-SamplerTests.xctest"; sourceTree = BUILT_PRODUCTS_DIR; };
		398887721D05B8A300E91C06 /* Realm_SamplerTests.swift */ = {isa = PBXFileReference; lastKnownFileType = sourcecode.swift; path = Realm_SamplerTests.swift; sourceTree = "<group>"; };
		398887741D05B8A300E91C06 /* Info.plist */ = {isa = PBXFileReference; lastKnownFileType = text.plist.xml; path = Info.plist; sourceTree = "<group>"; };
		398887791D05B8A300E91C06 /* Realm-SamplerUITests.xctest */ = {isa = PBXFileReference; explicitFileType = wrapper.cfbundle; includeInIndex = 0; path = "Realm-SamplerUITests.xctest"; sourceTree = BUILT_PRODUCTS_DIR; };
		3988877D1D05B8A300E91C06 /* Realm_SamplerUITests.swift */ = {isa = PBXFileReference; lastKnownFileType = sourcecode.swift; path = Realm_SamplerUITests.swift; sourceTree = "<group>"; };
		3988877F1D05B8A300E91C06 /* Info.plist */ = {isa = PBXFileReference; lastKnownFileType = text.plist.xml; path = Info.plist; sourceTree = "<group>"; };
		3988878E1D05C2C400E91C06 /* Default-568h@2x.png */ = {isa = PBXFileReference; lastKnownFileType = image.png; path = "Default-568h@2x.png"; sourceTree = "<group>"; };
		3988878F1D05C2C400E91C06 /* Default-667h@2x.png */ = {isa = PBXFileReference; lastKnownFileType = image.png; path = "Default-667h@2x.png"; sourceTree = "<group>"; };
		398887901D05C2C400E91C06 /* Default-736h@3x.png */ = {isa = PBXFileReference; lastKnownFileType = image.png; path = "Default-736h@3x.png"; sourceTree = "<group>"; };
		398887911D05C2C400E91C06 /* README.md */ = {isa = PBXFileReference; fileEncoding = 4; lastKnownFileType = net.daringfireball.markdown; path = README.md; sourceTree = "<group>"; };
		398887921D05C2C400E91C06 /* StoryboardHelper.swift */ = {isa = PBXFileReference; fileEncoding = 4; lastKnownFileType = sourcecode.swift; path = StoryboardHelper.swift; sourceTree = "<group>"; };
		400CF6877D62CA17EE250B12 /* Pods-Realm-SamplerUITests.release.xcconfig */ = {isa = PBXFileReference; includeInIndex = 1; lastKnownFileType = text.xcconfig; name = "Pods-Realm-SamplerUITests.release.xcconfig"; path = "Pods/Target Support Files/Pods-Realm-SamplerUITests/Pods-Realm-SamplerUITests.release.xcconfig"; sourceTree = "<group>"; };
		5925BC13DADFA8C0BFBF79C7 /* Pods-Realm-SamplerUITests.debug.xcconfig */ = {isa = PBXFileReference; includeInIndex = 1; lastKnownFileType = text.xcconfig; name = "Pods-Realm-SamplerUITests.debug.xcconfig"; path = "Pods/Target Support Files/Pods-Realm-SamplerUITests/Pods-Realm-SamplerUITests.debug.xcconfig"; sourceTree = "<group>"; };
		8E7EDF3208D3D3E1AC855E4D /* Pods_Realm_SamplerTests.framework */ = {isa = PBXFileReference; explicitFileType = wrapper.framework; includeInIndex = 0; path = Pods_Realm_SamplerTests.framework; sourceTree = BUILT_PRODUCTS_DIR; };
		8FF87987DAC28D4031C8B9F0 /* Pods-Realm-SamplerTests.debug.xcconfig */ = {isa = PBXFileReference; includeInIndex = 1; lastKnownFileType = text.xcconfig; name = "Pods-Realm-SamplerTests.debug.xcconfig"; path = "Pods/Target Support Files/Pods-Realm-SamplerTests/Pods-Realm-SamplerTests.debug.xcconfig"; sourceTree = "<group>"; };
		97AE14C5BC91A820EBA3D842 /* Pods-Realm-Sampler.release.xcconfig */ = {isa = PBXFileReference; includeInIndex = 1; lastKnownFileType = text.xcconfig; name = "Pods-Realm-Sampler.release.xcconfig"; path = "Pods/Target Support Files/Pods-Realm-Sampler/Pods-Realm-Sampler.release.xcconfig"; sourceTree = "<group>"; };
		E392083DB5797719A8C6D275 /* Pods_Realm_Sampler.framework */ = {isa = PBXFileReference; explicitFileType = wrapper.framework; includeInIndex = 0; path = Pods_Realm_Sampler.framework; sourceTree = BUILT_PRODUCTS_DIR; };
		E6C021097521FF7B865CDD5F /* Pods_Realm_SamplerUITests.framework */ = {isa = PBXFileReference; explicitFileType = wrapper.framework; includeInIndex = 0; path = Pods_Realm_SamplerUITests.framework; sourceTree = BUILT_PRODUCTS_DIR; };
		F2449F70D10FFBB50BDED067 /* Pods-Realm-SamplerTests.release.xcconfig */ = {isa = PBXFileReference; includeInIndex = 1; lastKnownFileType = text.xcconfig; name = "Pods-Realm-SamplerTests.release.xcconfig"; path = "Pods/Target Support Files/Pods-Realm-SamplerTests/Pods-Realm-SamplerTests.release.xcconfig"; sourceTree = "<group>"; };
		F4C8512D9ABEDEC58CAAB709 /* Pods-Realm-Sampler.debug.xcconfig */ = {isa = PBXFileReference; includeInIndex = 1; lastKnownFileType = text.xcconfig; name = "Pods-Realm-Sampler.debug.xcconfig"; path = "Pods/Target Support Files/Pods-Realm-Sampler/Pods-Realm-Sampler.debug.xcconfig"; sourceTree = "<group>"; };
/* End PBXFileReference section */

/* Begin PBXFrameworksBuildPhase section */
		398887571D05B8A200E91C06 /* Frameworks */ = {
			isa = PBXFrameworksBuildPhase;
			buildActionMask = 2147483647;
			files = (
				9A2D7912655BA1AFB6257852 /* Pods_Realm_Sampler.framework in Frameworks */,
			);
			runOnlyForDeploymentPostprocessing = 0;
		};
		3988876B1D05B8A300E91C06 /* Frameworks */ = {
			isa = PBXFrameworksBuildPhase;
			buildActionMask = 2147483647;
			files = (
				0ABB1A11B9DA2EF9FF183C85 /* Pods_Realm_SamplerTests.framework in Frameworks */,
			);
			runOnlyForDeploymentPostprocessing = 0;
		};
		398887761D05B8A300E91C06 /* Frameworks */ = {
			isa = PBXFrameworksBuildPhase;
			buildActionMask = 2147483647;
			files = (
				D6F42249C11EEB4C9E4CFBA0 /* Pods_Realm_SamplerUITests.framework in Frameworks */,
			);
			runOnlyForDeploymentPostprocessing = 0;
		};
/* End PBXFrameworksBuildPhase section */

/* Begin PBXGroup section */
		066B53954488C9D6F6217725 /* Frameworks */ = {
			isa = PBXGroup;
			children = (
				E392083DB5797719A8C6D275 /* Pods_Realm_Sampler.framework */,
				8E7EDF3208D3D3E1AC855E4D /* Pods_Realm_SamplerTests.framework */,
				E6C021097521FF7B865CDD5F /* Pods_Realm_SamplerUITests.framework */,
			);
			name = Frameworks;
			sourceTree = "<group>";
		};
		1843725F09ADDFF60854C0F4 /* Pods */ = {
			isa = PBXGroup;
			children = (
				F4C8512D9ABEDEC58CAAB709 /* Pods-Realm-Sampler.debug.xcconfig */,
				97AE14C5BC91A820EBA3D842 /* Pods-Realm-Sampler.release.xcconfig */,
				8FF87987DAC28D4031C8B9F0 /* Pods-Realm-SamplerTests.debug.xcconfig */,
				F2449F70D10FFBB50BDED067 /* Pods-Realm-SamplerTests.release.xcconfig */,
				5925BC13DADFA8C0BFBF79C7 /* Pods-Realm-SamplerUITests.debug.xcconfig */,
				400CF6877D62CA17EE250B12 /* Pods-Realm-SamplerUITests.release.xcconfig */,
			);
			name = Pods;
			sourceTree = "<group>";
		};
		398887511D05B8A200E91C06 = {
			isa = PBXGroup;
			children = (
				3988875C1D05B8A300E91C06 /* Realm-Sampler */,
				398887711D05B8A300E91C06 /* Realm-SamplerTests */,
				3988877C1D05B8A300E91C06 /* Realm-SamplerUITests */,
				3988875B1D05B8A200E91C06 /* Products */,
				1843725F09ADDFF60854C0F4 /* Pods */,
				066B53954488C9D6F6217725 /* Frameworks */,
			);
			sourceTree = "<group>";
		};
		3988875B1D05B8A200E91C06 /* Products */ = {
			isa = PBXGroup;
			children = (
				3988875A1D05B8A200E91C06 /* Realm-Sampler.app */,
				3988876E1D05B8A300E91C06 /* Realm-SamplerTests.xctest */,
				398887791D05B8A300E91C06 /* Realm-SamplerUITests.xctest */,
			);
			name = Products;
			sourceTree = "<group>";
		};
		3988875C1D05B8A300E91C06 /* Realm-Sampler */ = {
			isa = PBXGroup;
			children = (
				3988878B1D05C2C400E91C06 /* StoryboardHelper */,
				3988875D1D05B8A300E91C06 /* AppDelegate.swift */,
				3988875F1D05B8A300E91C06 /* ViewController.swift */,
				398887611D05B8A300E91C06 /* Main.storyboard */,
				398887641D05B8A300E91C06 /* Assets.xcassets */,
				398887661D05B8A300E91C06 /* LaunchScreen.storyboard */,
				398887691D05B8A300E91C06 /* Info.plist */,
			);
			path = "Realm-Sampler";
			sourceTree = "<group>";
		};
		398887711D05B8A300E91C06 /* Realm-SamplerTests */ = {
			isa = PBXGroup;
			children = (
				398887721D05B8A300E91C06 /* Realm_SamplerTests.swift */,
				398887741D05B8A300E91C06 /* Info.plist */,
			);
			path = "Realm-SamplerTests";
			sourceTree = "<group>";
		};
		3988877C1D05B8A300E91C06 /* Realm-SamplerUITests */ = {
			isa = PBXGroup;
			children = (
				3988877D1D05B8A300E91C06 /* Realm_SamplerUITests.swift */,
				3988877F1D05B8A300E91C06 /* Info.plist */,
			);
			path = "Realm-SamplerUITests";
			sourceTree = "<group>";
		};
		3988878B1D05C2C400E91C06 /* StoryboardHelper */ = {
			isa = PBXGroup;
			children = (
				3988878D1D05C2C400E91C06 /* Defaults */,
				398887911D05C2C400E91C06 /* README.md */,
				398887921D05C2C400E91C06 /* StoryboardHelper.swift */,
			);
			path = StoryboardHelper;
			sourceTree = "<group>";
		};
		3988878D1D05C2C400E91C06 /* Defaults */ = {
			isa = PBXGroup;
			children = (
				3988878E1D05C2C400E91C06 /* Default-568h@2x.png */,
				3988878F1D05C2C400E91C06 /* Default-667h@2x.png */,
				398887901D05C2C400E91C06 /* Default-736h@3x.png */,
			);
			path = Defaults;
			sourceTree = "<group>";
		};
/* End PBXGroup section */

/* Begin PBXNativeTarget section */
		398887591D05B8A200E91C06 /* Realm-Sampler */ = {
			isa = PBXNativeTarget;
			buildConfigurationList = 398887821D05B8A300E91C06 /* Build configuration list for PBXNativeTarget "Realm-Sampler" */;
			buildPhases = (
				C5AA47F51A68BF0405325363 /* 📦 Check Pods Manifest.lock */,
				398887561D05B8A200E91C06 /* Sources */,
				398887571D05B8A200E91C06 /* Frameworks */,
				398887581D05B8A200E91C06 /* Resources */,
				803DDBC8787DFE3117600513 /* 📦 Embed Pods Frameworks */,
				DA8511B5AE33524AEC9AF39B /* 📦 Copy Pods Resources */,
			);
			buildRules = (
			);
			dependencies = (
			);
			name = "Realm-Sampler";
			productName = "Realm-Sampler";
			productReference = 3988875A1D05B8A200E91C06 /* Realm-Sampler.app */;
			productType = "com.apple.product-type.application";
		};
		3988876D1D05B8A300E91C06 /* Realm-SamplerTests */ = {
			isa = PBXNativeTarget;
			buildConfigurationList = 398887851D05B8A300E91C06 /* Build configuration list for PBXNativeTarget "Realm-SamplerTests" */;
			buildPhases = (
				64C1896191D8A6A65F200D03 /* 📦 Check Pods Manifest.lock */,
				3988876A1D05B8A300E91C06 /* Sources */,
				3988876B1D05B8A300E91C06 /* Frameworks */,
				3988876C1D05B8A300E91C06 /* Resources */,
				1755306AF3E1E089C3B8FD75 /* 📦 Embed Pods Frameworks */,
				B820B53E8FB8141C4E278DCE /* 📦 Copy Pods Resources */,
			);
			buildRules = (
			);
			dependencies = (
				398887701D05B8A300E91C06 /* PBXTargetDependency */,
			);
			name = "Realm-SamplerTests";
			productName = "Realm-SamplerTests";
			productReference = 3988876E1D05B8A300E91C06 /* Realm-SamplerTests.xctest */;
			productType = "com.apple.product-type.bundle.unit-test";
		};
		398887781D05B8A300E91C06 /* Realm-SamplerUITests */ = {
			isa = PBXNativeTarget;
			buildConfigurationList = 398887881D05B8A300E91C06 /* Build configuration list for PBXNativeTarget "Realm-SamplerUITests" */;
			buildPhases = (
				12EC1AD2A70927A82149780C /* 📦 Check Pods Manifest.lock */,
				398887751D05B8A300E91C06 /* Sources */,
				398887761D05B8A300E91C06 /* Frameworks */,
				398887771D05B8A300E91C06 /* Resources */,
				FCEEFD2911BE4BFB7D5202AE /* 📦 Copy Pods Resources */,
			);
			buildRules = (
			);
			dependencies = (
				3988877B1D05B8A300E91C06 /* PBXTargetDependency */,
			);
			name = "Realm-SamplerUITests";
			productName = "Realm-SamplerUITests";
			productReference = 398887791D05B8A300E91C06 /* Realm-SamplerUITests.xctest */;
			productType = "com.apple.product-type.bundle.ui-testing";
		};
/* End PBXNativeTarget section */

/* Begin PBXProject section */
		398887521D05B8A200E91C06 /* Project object */ = {
			isa = PBXProject;
			attributes = {
				LastSwiftUpdateCheck = 0730;
				LastUpgradeCheck = 0730;
				ORGANIZATIONNAME = ShinokiRyosei;
				TargetAttributes = {
					398887591D05B8A200E91C06 = {
						CreatedOnToolsVersion = 7.3.1;
					};
					3988876D1D05B8A300E91C06 = {
						CreatedOnToolsVersion = 7.3.1;
						TestTargetID = 398887591D05B8A200E91C06;
					};
					398887781D05B8A300E91C06 = {
						CreatedOnToolsVersion = 7.3.1;
						TestTargetID = 398887591D05B8A200E91C06;
					};
				};
			};
			buildConfigurationList = 398887551D05B8A200E91C06 /* Build configuration list for PBXProject "Realm-Sampler" */;
			compatibilityVersion = "Xcode 3.2";
			developmentRegion = English;
			hasScannedForEncodings = 0;
			knownRegions = (
				en,
				Base,
			);
			mainGroup = 398887511D05B8A200E91C06;
			productRefGroup = 3988875B1D05B8A200E91C06 /* Products */;
			projectDirPath = "";
			projectRoot = "";
			targets = (
				398887591D05B8A200E91C06 /* Realm-Sampler */,
				3988876D1D05B8A300E91C06 /* Realm-SamplerTests */,
				398887781D05B8A300E91C06 /* Realm-SamplerUITests */,
			);
		};
/* End PBXProject section */

/* Begin PBXResourcesBuildPhase section */
		398887581D05B8A200E91C06 /* Resources */ = {
			isa = PBXResourcesBuildPhase;
			buildActionMask = 2147483647;
			files = (
				398887951D05C2C400E91C06 /* Default-667h@2x.png in Resources */,
				398887681D05B8A300E91C06 /* LaunchScreen.storyboard in Resources */,
				398887651D05B8A300E91C06 /* Assets.xcassets in Resources */,
				398887941D05C2C400E91C06 /* Default-568h@2x.png in Resources */,
				398887631D05B8A300E91C06 /* Main.storyboard in Resources */,
				398887961D05C2C400E91C06 /* Default-736h@3x.png in Resources */,
			);
			runOnlyForDeploymentPostprocessing = 0;
		};
		3988876C1D05B8A300E91C06 /* Resources */ = {
			isa = PBXResourcesBuildPhase;
			buildActionMask = 2147483647;
			files = (
			);
			runOnlyForDeploymentPostprocessing = 0;
		};
		398887771D05B8A300E91C06 /* Resources */ = {
			isa = PBXResourcesBuildPhase;
			buildActionMask = 2147483647;
			files = (
			);
			runOnlyForDeploymentPostprocessing = 0;
		};
/* End PBXResourcesBuildPhase section */

/* Begin PBXShellScriptBuildPhase section */
		12EC1AD2A70927A82149780C /* 📦 Check Pods Manifest.lock */ = {
			isa = PBXShellScriptBuildPhase;
			buildActionMask = 2147483647;
			files = (
			);
			inputPaths = (
			);
			name = "📦 Check Pods Manifest.lock";
			outputPaths = (
			);
			runOnlyForDeploymentPostprocessing = 0;
			shellPath = /bin/sh;
			shellScript = "diff \"${PODS_ROOT}/../Podfile.lock\" \"${PODS_ROOT}/Manifest.lock\" > /dev/null\nif [[ $? != 0 ]] ; then\n    cat << EOM\nerror: The sandbox is not in sync with the Podfile.lock. Run 'pod install' or update your CocoaPods installation.\nEOM\n    exit 1\nfi\n";
			showEnvVarsInLog = 0;
		};
		1755306AF3E1E089C3B8FD75 /* 📦 Embed Pods Frameworks */ = {
			isa = PBXShellScriptBuildPhase;
			buildActionMask = 2147483647;
			files = (
			);
			inputPaths = (
			);
			name = "📦 Embed Pods Frameworks";
			outputPaths = (
			);
			runOnlyForDeploymentPostprocessing = 0;
			shellPath = /bin/sh;
			shellScript = "\"${SRCROOT}/Pods/Target Support Files/Pods-Realm-SamplerTests/Pods-Realm-SamplerTests-frameworks.sh\"\n";
			showEnvVarsInLog = 0;
		};
		64C1896191D8A6A65F200D03 /* 📦 Check Pods Manifest.lock */ = {
			isa = PBXShellScriptBuildPhase;
			buildActionMask = 2147483647;
			files = (
			);
			inputPaths = (
			);
			name = "📦 Check Pods Manifest.lock";
			outputPaths = (
			);
			runOnlyForDeploymentPostprocessing = 0;
			shellPath = /bin/sh;
			shellScript = "diff \"${PODS_ROOT}/../Podfile.lock\" \"${PODS_ROOT}/Manifest.lock\" > /dev/null\nif [[ $? != 0 ]] ; then\n    cat << EOM\nerror: The sandbox is not in sync with the Podfile.lock. Run 'pod install' or update your CocoaPods installation.\nEOM\n    exit 1\nfi\n";
			showEnvVarsInLog = 0;
		};
		803DDBC8787DFE3117600513 /* 📦 Embed Pods Frameworks */ = {
			isa = PBXShellScriptBuildPhase;
			buildActionMask = 2147483647;
			files = (
			);
			inputPaths = (
			);
			name = "📦 Embed Pods Frameworks";
			outputPaths = (
			);
			runOnlyForDeploymentPostprocessing = 0;
			shellPath = /bin/sh;
			shellScript = "\"${SRCROOT}/Pods/Target Support Files/Pods-Realm-Sampler/Pods-Realm-Sampler-frameworks.sh\"\n";
			showEnvVarsInLog = 0;
		};
		B820B53E8FB8141C4E278DCE /* 📦 Copy Pods Resources */ = {
			isa = PBXShellScriptBuildPhase;
			buildActionMask = 2147483647;
			files = (
			);
			inputPaths = (
			);
			name = "📦 Copy Pods Resources";
			outputPaths = (
			);
			runOnlyForDeploymentPostprocessing = 0;
			shellPath = /bin/sh;
			shellScript = "\"${SRCROOT}/Pods/Target Support Files/Pods-Realm-SamplerTests/Pods-Realm-SamplerTests-resources.sh\"\n";
			showEnvVarsInLog = 0;
		};
		C5AA47F51A68BF0405325363 /* 📦 Check Pods Manifest.lock */ = {
			isa = PBXShellScriptBuildPhase;
			buildActionMask = 2147483647;
			files = (
			);
			inputPaths = (
			);
			name = "📦 Check Pods Manifest.lock";
			outputPaths = (
			);
			runOnlyForDeploymentPostprocessing = 0;
			shellPath = /bin/sh;
			shellScript = "diff \"${PODS_ROOT}/../Podfile.lock\" \"${PODS_ROOT}/Manifest.lock\" > /dev/null\nif [[ $? != 0 ]] ; then\n    cat << EOM\nerror: The sandbox is not in sync with the Podfile.lock. Run 'pod install' or update your CocoaPods installation.\nEOM\n    exit 1\nfi\n";
			showEnvVarsInLog = 0;
		};
		DA8511B5AE33524AEC9AF39B /* 📦 Copy Pods Resources */ = {
			isa = PBXShellScriptBuildPhase;
			buildActionMask = 2147483647;
			files = (
			);
			inputPaths = (
			);
			name = "📦 Copy Pods Resources";
			outputPaths = (
			);
			runOnlyForDeploymentPostprocessing = 0;
			shellPath = /bin/sh;
			shellScript = "\"${SRCROOT}/Pods/Target Support Files/Pods-Realm-Sampler/Pods-Realm-Sampler-resources.sh\"\n";
			showEnvVarsInLog = 0;
		};
		FCEEFD2911BE4BFB7D5202AE /* 📦 Copy Pods Resources */ = {
			isa = PBXShellScriptBuildPhase;
			buildActionMask = 2147483647;
			files = (
			);
			inputPaths = (
			);
			name = "📦 Copy Pods Resources";
			outputPaths = (
			);
			runOnlyForDeploymentPostprocessing = 0;
			shellPath = /bin/sh;
			shellScript = "\"${SRCROOT}/Pods/Target Support Files/Pods-Realm-SamplerUITests/Pods-Realm-SamplerUITests-resources.sh\"\n";
			showEnvVarsInLog = 0;
		};
/* End PBXShellScriptBuildPhase section */

/* Begin PBXSourcesBuildPhase section */
		398887561D05B8A200E91C06 /* Sources */ = {
			isa = PBXSourcesBuildPhase;
			buildActionMask = 2147483647;
			files = (
				398887971D05C2C400E91C06 /* README.md in Sources */,
				398887601D05B8A300E91C06 /* ViewController.swift in Sources */,
				398887981D05C2C400E91C06 /* StoryboardHelper.swift in Sources */,
				3988875E1D05B8A300E91C06 /* AppDelegate.swift in Sources */,
			);
			runOnlyForDeploymentPostprocessing = 0;
		};
		3988876A1D05B8A300E91C06 /* Sources */ = {
			isa = PBXSourcesBuildPhase;
			buildActionMask = 2147483647;
			files = (
				398887731D05B8A300E91C06 /* Realm_SamplerTests.swift in Sources */,
			);
			runOnlyForDeploymentPostprocessing = 0;
		};
		398887751D05B8A300E91C06 /* Sources */ = {
			isa = PBXSourcesBuildPhase;
			buildActionMask = 2147483647;
			files = (
				3988877E1D05B8A300E91C06 /* Realm_SamplerUITests.swift in Sources */,
			);
			runOnlyForDeploymentPostprocessing = 0;
		};
/* End PBXSourcesBuildPhase section */

/* Begin PBXTargetDependency section */
		398887701D05B8A300E91C06 /* PBXTargetDependency */ = {
			isa = PBXTargetDependency;
			target = 398887591D05B8A200E91C06 /* Realm-Sampler */;
			targetProxy = 3988876F1D05B8A300E91C06 /* PBXContainerItemProxy */;
		};
		3988877B1D05B8A300E91C06 /* PBXTargetDependency */ = {
			isa = PBXTargetDependency;
			target = 398887591D05B8A200E91C06 /* Realm-Sampler */;
			targetProxy = 3988877A1D05B8A300E91C06 /* PBXContainerItemProxy */;
		};
/* End PBXTargetDependency section */

/* Begin PBXVariantGroup section */
		398887611D05B8A300E91C06 /* Main.storyboard */ = {
			isa = PBXVariantGroup;
			children = (
				398887621D05B8A300E91C06 /* Base */,
			);
			name = Main.storyboard;
			sourceTree = "<group>";
		};
		398887661D05B8A300E91C06 /* LaunchScreen.storyboard */ = {
			isa = PBXVariantGroup;
			children = (
				398887671D05B8A300E91C06 /* Base */,
			);
			name = LaunchScreen.storyboard;
			sourceTree = "<group>";
		};
/* End PBXVariantGroup section */

/* Begin XCBuildConfiguration section */
		398887801D05B8A300E91C06 /* Debug */ = {
			isa = XCBuildConfiguration;
			buildSettings = {
				ALWAYS_SEARCH_USER_PATHS = NO;
				CLANG_ANALYZER_NONNULL = YES;
				CLANG_CXX_LANGUAGE_STANDARD = "gnu++0x";
				CLANG_CXX_LIBRARY = "libc++";
				CLANG_ENABLE_MODULES = YES;
				CLANG_ENABLE_OBJC_ARC = YES;
				CLANG_WARN_BOOL_CONVERSION = YES;
				CLANG_WARN_CONSTANT_CONVERSION = YES;
				CLANG_WARN_DIRECT_OBJC_ISA_USAGE = YES_ERROR;
				CLANG_WARN_EMPTY_BODY = YES;
				CLANG_WARN_ENUM_CONVERSION = YES;
				CLANG_WARN_INT_CONVERSION = YES;
				CLANG_WARN_OBJC_ROOT_CLASS = YES_ERROR;
				CLANG_WARN_UNREACHABLE_CODE = YES;
				CLANG_WARN__DUPLICATE_METHOD_MATCH = YES;
				"CODE_SIGN_IDENTITY[sdk=iphoneos*]" = "iPhone Developer";
				COPY_PHASE_STRIP = NO;
				DEBUG_INFORMATION_FORMAT = dwarf;
				ENABLE_STRICT_OBJC_MSGSEND = YES;
				ENABLE_TESTABILITY = YES;
				GCC_C_LANGUAGE_STANDARD = gnu99;
				GCC_DYNAMIC_NO_PIC = NO;
				GCC_NO_COMMON_BLOCKS = YES;
				GCC_OPTIMIZATION_LEVEL = 0;
				GCC_PREPROCESSOR_DEFINITIONS = (
					"DEBUG=1",
					"$(inherited)",
				);
				GCC_WARN_64_TO_32_BIT_CONVERSION = YES;
				GCC_WARN_ABOUT_RETURN_TYPE = YES_ERROR;
				GCC_WARN_UNDECLARED_SELECTOR = YES;
				GCC_WARN_UNINITIALIZED_AUTOS = YES_AGGRESSIVE;
				GCC_WARN_UNUSED_FUNCTION = YES;
				GCC_WARN_UNUSED_VARIABLE = YES;
				IPHONEOS_DEPLOYMENT_TARGET = 9.3;
				MTL_ENABLE_DEBUG_INFO = YES;
				ONLY_ACTIVE_ARCH = YES;
				SDKROOT = iphoneos;
				SWIFT_OPTIMIZATION_LEVEL = "-Onone";
			};
			name = Debug;
		};
		398887811D05B8A300E91C06 /* Release */ = {
			isa = XCBuildConfiguration;
			buildSettings = {
				ALWAYS_SEARCH_USER_PATHS = NO;
				CLANG_ANALYZER_NONNULL = YES;
				CLANG_CXX_LANGUAGE_STANDARD = "gnu++0x";
				CLANG_CXX_LIBRARY = "libc++";
				CLANG_ENABLE_MODULES = YES;
				CLANG_ENABLE_OBJC_ARC = YES;
				CLANG_WARN_BOOL_CONVERSION = YES;
				CLANG_WARN_CONSTANT_CONVERSION = YES;
				CLANG_WARN_DIRECT_OBJC_ISA_USAGE = YES_ERROR;
				CLANG_WARN_EMPTY_BODY = YES;
				CLANG_WARN_ENUM_CONVERSION = YES;
				CLANG_WARN_INT_CONVERSION = YES;
				CLANG_WARN_OBJC_ROOT_CLASS = YES_ERROR;
				CLANG_WARN_UNREACHABLE_CODE = YES;
				CLANG_WARN__DUPLICATE_METHOD_MATCH = YES;
				"CODE_SIGN_IDENTITY[sdk=iphoneos*]" = "iPhone Developer";
				COPY_PHASE_STRIP = NO;
				DEBUG_INFORMATION_FORMAT = "dwarf-with-dsym";
				ENABLE_NS_ASSERTIONS = NO;
				ENABLE_STRICT_OBJC_MSGSEND = YES;
				GCC_C_LANGUAGE_STANDARD = gnu99;
				GCC_NO_COMMON_BLOCKS = YES;
				GCC_WARN_64_TO_32_BIT_CONVERSION = YES;
				GCC_WARN_ABOUT_RETURN_TYPE = YES_ERROR;
				GCC_WARN_UNDECLARED_SELECTOR = YES;
				GCC_WARN_UNINITIALIZED_AUTOS = YES_AGGRESSIVE;
				GCC_WARN_UNUSED_FUNCTION = YES;
				GCC_WARN_UNUSED_VARIABLE = YES;
				IPHONEOS_DEPLOYMENT_TARGET = 9.3;
				MTL_ENABLE_DEBUG_INFO = NO;
				SDKROOT = iphoneos;
				VALIDATE_PRODUCT = YES;
			};
			name = Release;
		};
		398887831D05B8A300E91C06 /* Debug */ = {
			isa = XCBuildConfiguration;
			baseConfigurationReference = F4C8512D9ABEDEC58CAAB709 /* Pods-Realm-Sampler.debug.xcconfig */;
			buildSettings = {
				ASSETCATALOG_COMPILER_APPICON_NAME = AppIcon;
				INFOPLIST_FILE = "Realm-Sampler/Info.plist";
				LD_RUNPATH_SEARCH_PATHS = "$(inherited) @executable_path/Frameworks";
				PRODUCT_BUNDLE_IDENTIFIER = "tv.shinokin.Realm-Sampler";
				PRODUCT_NAME = "$(TARGET_NAME)";
			};
			name = Debug;
		};
		398887841D05B8A300E91C06 /* Release */ = {
			isa = XCBuildConfiguration;
			baseConfigurationReference = 97AE14C5BC91A820EBA3D842 /* Pods-Realm-Sampler.release.xcconfig */;
			buildSettings = {
				ASSETCATALOG_COMPILER_APPICON_NAME = AppIcon;
				INFOPLIST_FILE = "Realm-Sampler/Info.plist";
				LD_RUNPATH_SEARCH_PATHS = "$(inherited) @executable_path/Frameworks";
				PRODUCT_BUNDLE_IDENTIFIER = "tv.shinokin.Realm-Sampler";
				PRODUCT_NAME = "$(TARGET_NAME)";
			};
			name = Release;
		};
		398887861D05B8A300E91C06 /* Debug */ = {
			isa = XCBuildConfiguration;
			baseConfigurationReference = 8FF87987DAC28D4031C8B9F0 /* Pods-Realm-SamplerTests.debug.xcconfig */;
			buildSettings = {
				BUNDLE_LOADER = "$(TEST_HOST)";
				INFOPLIST_FILE = "Realm-SamplerTests/Info.plist";
				LD_RUNPATH_SEARCH_PATHS = "$(inherited) @executable_path/Frameworks @loader_path/Frameworks";
				PRODUCT_BUNDLE_IDENTIFIER = "tv.shinokin.Realm-SamplerTests";
				PRODUCT_NAME = "$(TARGET_NAME)";
				TEST_HOST = "$(BUILT_PRODUCTS_DIR)/Realm-Sampler.app/Realm-Sampler";
			};
			name = Debug;
		};
		398887871D05B8A300E91C06 /* Release */ = {
			isa = XCBuildConfiguration;
			baseConfigurationReference = F2449F70D10FFBB50BDED067 /* Pods-Realm-SamplerTests.release.xcconfig */;
			buildSettings = {
				BUNDLE_LOADER = "$(TEST_HOST)";
				INFOPLIST_FILE = "Realm-SamplerTests/Info.plist";
				LD_RUNPATH_SEARCH_PATHS = "$(inherited) @executable_path/Frameworks @loader_path/Frameworks";
				PRODUCT_BUNDLE_IDENTIFIER = "tv.shinokin.Realm-SamplerTests";
				PRODUCT_NAME = "$(TARGET_NAME)";
				TEST_HOST = "$(BUILT_PRODUCTS_DIR)/Realm-Sampler.app/Realm-Sampler";
			};
			name = Release;
		};
		398887891D05B8A300E91C06 /* Debug */ = {
			isa = XCBuildConfiguration;
			baseConfigurationReference = 5925BC13DADFA8C0BFBF79C7 /* Pods-Realm-SamplerUITests.debug.xcconfig */;
			buildSettings = {
				INFOPLIST_FILE = "Realm-SamplerUITests/Info.plist";
				LD_RUNPATH_SEARCH_PATHS = "$(inherited) @executable_path/Frameworks @loader_path/Frameworks";
				PRODUCT_BUNDLE_IDENTIFIER = "tv.shinokin.Realm-SamplerUITests";
				PRODUCT_NAME = "$(TARGET_NAME)";
				TEST_TARGET_NAME = "Realm-Sampler";
			};
			name = Debug;
		};
		3988878A1D05B8A300E91C06 /* Release */ = {
			isa = XCBuildConfiguration;
			baseConfigurationReference = 400CF6877D62CA17EE250B12 /* Pods-Realm-SamplerUITests.release.xcconfig */;
			buildSettings = {
				INFOPLIST_FILE = "Realm-SamplerUITests/Info.plist";
				LD_RUNPATH_SEARCH_PATHS = "$(inherited) @executable_path/Frameworks @loader_path/Frameworks";
				PRODUCT_BUNDLE_IDENTIFIER = "tv.shinokin.Realm-SamplerUITests";
				PRODUCT_NAME = "$(TARGET_NAME)";
				TEST_TARGET_NAME = "Realm-Sampler";
			};
			name = Release;
		};
/* End XCBuildConfiguration section */

/* Begin XCConfigurationList section */
		398887551D05B8A200E91C06 /* Build configuration list for PBXProject "Realm-Sampler" */ = {
			isa = XCConfigurationList;
			buildConfigurations = (
				398887801D05B8A300E91C06 /* Debug */,
				398887811D05B8A300E91C06 /* Release */,
			);
			defaultConfigurationIsVisible = 0;
			defaultConfigurationName = Release;
		};
		398887821D05B8A300E91C06 /* Build configuration list for PBXNativeTarget "Realm-Sampler" */ = {
			isa = XCConfigurationList;
			buildConfigurations = (
				398887831D05B8A300E91C06 /* Debug */,
				398887841D05B8A300E91C06 /* Release */,
			);
			defaultConfigurationIsVisible = 0;
			defaultConfigurationName = Release;
		};
		398887851D05B8A300E91C06 /* Build configuration list for PBXNativeTarget "Realm-SamplerTests" */ = {
			isa = XCConfigurationList;
			buildConfigurations = (
				398887861D05B8A300E91C06 /* Debug */,
				398887871D05B8A300E91C06 /* Release */,
			);
			defaultConfigurationIsVisible = 0;
			defaultConfigurationName = Release;
		};
		398887881D05B8A300E91C06 /* Build configuration list for PBXNativeTarget "Realm-SamplerUITests" */ = {
			isa = XCConfigurationList;
			buildConfigurations = (
				398887891D05B8A300E91C06 /* Debug */,
				3988878A1D05B8A300E91C06 /* Release */,
			);
			defaultConfigurationIsVisible = 0;
			defaultConfigurationName = Release;
		};
/* End XCConfigurationList section */
	};
	rootObject = 398887521D05B8A200E91C06 /* Project object */;
}
