// !$*UTF8*$!
{
	archiveVersion = 1;
	classes = {
	};
	objectVersion = 46;
	objects = {

/* Begin PBXBuildFile section */
		3922DFBB1D0A085B0009BBBA /* DateExtension.swift in Sources */ = {isa = PBXBuildFile; fileRef = 3922DFBA1D0A085B0009BBBA /* DateExtension.swift */; };
		394F3DC11D0F101600752948 /* Category.swift in Sources */ = {isa = PBXBuildFile; fileRef = 394F3DC01D0F101600752948 /* Category.swift */; };
		3988875E1D05B8A300E91C06 /* AppDelegate.swift in Sources */ = {isa = PBXBuildFile; fileRef = 3988875D1D05B8A300E91C06 /* AppDelegate.swift */; };
		398887601D05B8A300E91C06 /* ViewController.swift in Sources */ = {isa = PBXBuildFile; fileRef = 3988875F1D05B8A300E91C06 /* ViewController.swift */; };
		398887631D05B8A300E91C06 /* Main.storyboard in Resources */ = {isa = PBXBuildFile; fileRef = 398887611D05B8A300E91C06 /* Main.storyboard */; };
		398887651D05B8A300E91C06 /* Assets.xcassets in Resources */ = {isa = PBXBuildFile; fileRef = 398887641D05B8A300E91C06 /* Assets.xcassets */; };
		398887681D05B8A300E91C06 /* LaunchScreen.storyboard in Resources */ = {isa = PBXBuildFile; fileRef = 398887661D05B8A300E91C06 /* LaunchScreen.storyboard */; };
		3988879B1D05C43A00E91C06 /* TodoCell.swift in Sources */ = {isa = PBXBuildFile; fileRef = 398887991D05C43A00E91C06 /* TodoCell.swift */; };
		3988879C1D05C43A00E91C06 /* TodoCell.xib in Resources */ = {isa = PBXBuildFile; fileRef = 3988879A1D05C43A00E91C06 /* TodoCell.xib */; };
		3988879F1D05C4B400E91C06 /* ToDo.swift in Sources */ = {isa = PBXBuildFile; fileRef = 3988879E1D05C4B400E91C06 /* ToDo.swift */; };
		39B10F311D0F1F8000649F1F /* CategoryViewController.swift in Sources */ = {isa = PBXBuildFile; fileRef = 39B10F301D0F1F8000649F1F /* CategoryViewController.swift */; };
		39B10F361D0F20D600649F1F /* CategoryCell.swift in Sources */ = {isa = PBXBuildFile; fileRef = 39B10F341D0F20D600649F1F /* CategoryCell.swift */; };
		39B10F371D0F20D600649F1F /* CategoryCell.xib in Resources */ = {isa = PBXBuildFile; fileRef = 39B10F351D0F20D600649F1F /* CategoryCell.xib */; };
		39E618E31D05D398009ECBC3 /* AddViewController.swift in Sources */ = {isa = PBXBuildFile; fileRef = 39E618E21D05D398009ECBC3 /* AddViewController.swift */; };
		39E6705F1D0FECB6000521EB /* AddCategoryViewController.swift in Sources */ = {isa = PBXBuildFile; fileRef = 39E6705E1D0FECB6000521EB /* AddCategoryViewController.swift */; };
		39F41E9A1E262087002C19B6 /* NibLoadable.swift in Sources */ = {isa = PBXBuildFile; fileRef = 39F41E991E262087002C19B6 /* NibLoadable.swift */; };
		39F41E9D1E262134002C19B6 /* UITableView+Extension.swift in Sources */ = {isa = PBXBuildFile; fileRef = 39F41E9C1E262134002C19B6 /* UITableView+Extension.swift */; };
		39F41E9F1E262157002C19B6 /* Reusable.swift in Sources */ = {isa = PBXBuildFile; fileRef = 39F41E9E1E262157002C19B6 /* Reusable.swift */; };
		39F41EA21E2628A4002C19B6 /* Realm.framework in Frameworks */ = {isa = PBXBuildFile; fileRef = 39F41EA01E2628A4002C19B6 /* Realm.framework */; };
		39F41EA31E2628A4002C19B6 /* RealmSwift.framework in Frameworks */ = {isa = PBXBuildFile; fileRef = 39F41EA11E2628A4002C19B6 /* RealmSwift.framework */; };
/* End PBXBuildFile section */

/* Begin PBXFileReference section */
		3922DFBA1D0A085B0009BBBA /* DateExtension.swift */ = {isa = PBXFileReference; fileEncoding = 4; lastKnownFileType = sourcecode.swift; path = DateExtension.swift; sourceTree = "<group>"; };
		394F3DC01D0F101600752948 /* Category.swift */ = {isa = PBXFileReference; fileEncoding = 4; lastKnownFileType = sourcecode.swift; path = Category.swift; sourceTree = "<group>"; };
		3988875A1D05B8A200E91C06 /* Realm-Sampler.app */ = {isa = PBXFileReference; explicitFileType = wrapper.application; includeInIndex = 0; path = "Realm-Sampler.app"; sourceTree = BUILT_PRODUCTS_DIR; };
		3988875D1D05B8A300E91C06 /* AppDelegate.swift */ = {isa = PBXFileReference; lastKnownFileType = sourcecode.swift; path = AppDelegate.swift; sourceTree = "<group>"; };
		3988875F1D05B8A300E91C06 /* ViewController.swift */ = {isa = PBXFileReference; lastKnownFileType = sourcecode.swift; path = ViewController.swift; sourceTree = "<group>"; };
		398887621D05B8A300E91C06 /* Base */ = {isa = PBXFileReference; lastKnownFileType = file.storyboard; name = Base; path = Base.lproj/Main.storyboard; sourceTree = "<group>"; };
		398887641D05B8A300E91C06 /* Assets.xcassets */ = {isa = PBXFileReference; lastKnownFileType = folder.assetcatalog; path = Assets.xcassets; sourceTree = "<group>"; };
		398887671D05B8A300E91C06 /* Base */ = {isa = PBXFileReference; lastKnownFileType = file.storyboard; name = Base; path = Base.lproj/LaunchScreen.storyboard; sourceTree = "<group>"; };
		398887691D05B8A300E91C06 /* Info.plist */ = {isa = PBXFileReference; lastKnownFileType = text.plist.xml; path = Info.plist; sourceTree = "<group>"; };
		398887991D05C43A00E91C06 /* TodoCell.swift */ = {isa = PBXFileReference; fileEncoding = 4; lastKnownFileType = sourcecode.swift; path = TodoCell.swift; sourceTree = "<group>"; };
		3988879A1D05C43A00E91C06 /* TodoCell.xib */ = {isa = PBXFileReference; fileEncoding = 4; lastKnownFileType = file.xib; path = TodoCell.xib; sourceTree = "<group>"; };
		3988879E1D05C4B400E91C06 /* ToDo.swift */ = {isa = PBXFileReference; fileEncoding = 4; lastKnownFileType = sourcecode.swift; path = ToDo.swift; sourceTree = "<group>"; };
		39B10F301D0F1F8000649F1F /* CategoryViewController.swift */ = {isa = PBXFileReference; fileEncoding = 4; lastKnownFileType = sourcecode.swift; path = CategoryViewController.swift; sourceTree = "<group>"; };
		39B10F341D0F20D600649F1F /* CategoryCell.swift */ = {isa = PBXFileReference; fileEncoding = 4; lastKnownFileType = sourcecode.swift; path = CategoryCell.swift; sourceTree = "<group>"; };
		39B10F351D0F20D600649F1F /* CategoryCell.xib */ = {isa = PBXFileReference; fileEncoding = 4; lastKnownFileType = file.xib; path = CategoryCell.xib; sourceTree = "<group>"; };
		39E618E21D05D398009ECBC3 /* AddViewController.swift */ = {isa = PBXFileReference; fileEncoding = 4; lastKnownFileType = sourcecode.swift; path = AddViewController.swift; sourceTree = "<group>"; };
		39E6705E1D0FECB6000521EB /* AddCategoryViewController.swift */ = {isa = PBXFileReference; fileEncoding = 4; lastKnownFileType = sourcecode.swift; path = AddCategoryViewController.swift; sourceTree = "<group>"; };
		39F41E991E262087002C19B6 /* NibLoadable.swift */ = {isa = PBXFileReference; fileEncoding = 4; lastKnownFileType = sourcecode.swift; name = NibLoadable.swift; path = Protocols/NibLoadable.swift; sourceTree = "<group>"; };
		39F41E9C1E262134002C19B6 /* UITableView+Extension.swift */ = {isa = PBXFileReference; fileEncoding = 4; lastKnownFileType = sourcecode.swift; path = "UITableView+Extension.swift"; sourceTree = "<group>"; };
		39F41E9E1E262157002C19B6 /* Reusable.swift */ = {isa = PBXFileReference; fileEncoding = 4; lastKnownFileType = sourcecode.swift; name = Reusable.swift; path = Protocols/Reusable.swift; sourceTree = "<group>"; };
		39F41EA01E2628A4002C19B6 /* Realm.framework */ = {isa = PBXFileReference; lastKnownFileType = wrapper.framework; name = Realm.framework; path = Carthage/Build/iOS/Realm.framework; sourceTree = "<group>"; };
		39F41EA11E2628A4002C19B6 /* RealmSwift.framework */ = {isa = PBXFileReference; lastKnownFileType = wrapper.framework; name = RealmSwift.framework; path = Carthage/Build/iOS/RealmSwift.framework; sourceTree = "<group>"; };
/* End PBXFileReference section */

/* Begin PBXFrameworksBuildPhase section */
		398887571D05B8A200E91C06 /* Frameworks */ = {
			isa = PBXFrameworksBuildPhase;
			buildActionMask = 2147483647;
			files = (
				39F41EA21E2628A4002C19B6 /* Realm.framework in Frameworks */,
				39F41EA31E2628A4002C19B6 /* RealmSwift.framework in Frameworks */,
			);
			runOnlyForDeploymentPostprocessing = 0;
		};
/* End PBXFrameworksBuildPhase section */

/* Begin PBXGroup section */
		066B53954488C9D6F6217725 /* Frameworks */ = {
			isa = PBXGroup;
			children = (
				39F41EA01E2628A4002C19B6 /* Realm.framework */,
				39F41EA11E2628A4002C19B6 /* RealmSwift.framework */,
			);
			name = Frameworks;
			sourceTree = "<group>";
		};
		3922DFBC1D0A08610009BBBA /* Model */ = {
			isa = PBXGroup;
			children = (
				394F3DC01D0F101600752948 /* Category.swift */,
				3988879E1D05C4B400E91C06 /* ToDo.swift */,
			);
			path = Model;
			sourceTree = "<group>";
		};
		3922DFBD1D0A08670009BBBA /* Extension */ = {
			isa = PBXGroup;
			children = (
				39F41E9C1E262134002C19B6 /* UITableView+Extension.swift */,
				3922DFBA1D0A085B0009BBBA /* DateExtension.swift */,
			);
			path = Extension;
			sourceTree = "<group>";
		};
		398887511D05B8A200E91C06 = {
			isa = PBXGroup;
			children = (
				066B53954488C9D6F6217725 /* Frameworks */,
				3988875B1D05B8A200E91C06 /* Products */,
				3988875C1D05B8A300E91C06 /* Realm-Sampler */,
			);
			sourceTree = "<group>";
		};
		3988875B1D05B8A200E91C06 /* Products */ = {
			isa = PBXGroup;
			children = (
				3988875A1D05B8A200E91C06 /* Realm-Sampler.app */,
			);
			name = Products;
			sourceTree = "<group>";
		};
		3988875C1D05B8A300E91C06 /* Realm-Sampler */ = {
			isa = PBXGroup;
			children = (
				39B10F391D0F20EA00649F1F /* Cell */,
				39E618E41D05D6D4009ECBC3 /* Controllers */,
				3922DFBD1D0A08670009BBBA /* Extension */,
				3922DFBC1D0A08610009BBBA /* Model */,
				39C187001E14132200B70042 /* Resources */,
				39F41E9B1E26208C002C19B6 /* Protocols */,
				3988875D1D05B8A300E91C06 /* AppDelegate.swift */,
				398887691D05B8A300E91C06 /* Info.plist */,
			);
			path = "Realm-Sampler";
			sourceTree = "<group>";
		};
		3988879D1D05C44000E91C06 /* TodoCell */ = {
			isa = PBXGroup;
			children = (
				398887991D05C43A00E91C06 /* TodoCell.swift */,
				3988879A1D05C43A00E91C06 /* TodoCell.xib */,
			);
			path = TodoCell;
			sourceTree = "<group>";
		};
		39B10F381D0F20DD00649F1F /* CategoryCell */ = {
			isa = PBXGroup;
			children = (
				39B10F341D0F20D600649F1F /* CategoryCell.swift */,
				39B10F351D0F20D600649F1F /* CategoryCell.xib */,
			);
			path = CategoryCell;
			sourceTree = "<group>";
		};
		39B10F391D0F20EA00649F1F /* Cell */ = {
			isa = PBXGroup;
			children = (
				39B10F381D0F20DD00649F1F /* CategoryCell */,
				3988879D1D05C44000E91C06 /* TodoCell */,
			);
			path = Cell;
			sourceTree = "<group>";
		};
		39C187001E14132200B70042 /* Resources */ = {
			isa = PBXGroup;
			children = (
				398887641D05B8A300E91C06 /* Assets.xcassets */,
				398887661D05B8A300E91C06 /* LaunchScreen.storyboard */,
				398887611D05B8A300E91C06 /* Main.storyboard */,
			);
			path = Resources;
			sourceTree = "<group>";
		};
		39E618E41D05D6D4009ECBC3 /* Controllers */ = {
			isa = PBXGroup;
			children = (
				39E6705E1D0FECB6000521EB /* AddCategoryViewController.swift */,
				39E618E21D05D398009ECBC3 /* AddViewController.swift */,
				39B10F301D0F1F8000649F1F /* CategoryViewController.swift */,
				3988875F1D05B8A300E91C06 /* ViewController.swift */,
			);
			path = Controllers;
			sourceTree = "<group>";
		};
		39F41E9B1E26208C002C19B6 /* Protocols */ = {
			isa = PBXGroup;
			children = (
				39F41E991E262087002C19B6 /* NibLoadable.swift */,
				39F41E9E1E262157002C19B6 /* Reusable.swift */,
			);
			name = Protocols;
			sourceTree = "<group>";
		};
/* End PBXGroup section */

/* Begin PBXNativeTarget section */
		398887591D05B8A200E91C06 /* Realm-Sampler */ = {
			isa = PBXNativeTarget;
			buildConfigurationList = 398887821D05B8A300E91C06 /* Build configuration list for PBXNativeTarget "Realm-Sampler" */;
			buildPhases = (
				398887561D05B8A200E91C06 /* Sources */,
				398887571D05B8A200E91C06 /* Frameworks */,
				398887581D05B8A200E91C06 /* Resources */,
				39F41EA41E2628A9002C19B6 /* ShellScript */,
			);
			buildRules = (
			);
			dependencies = (
			);
			name = "Realm-Sampler";
			productName = "Realm-Sampler";
			productReference = 3988875A1D05B8A200E91C06 /* Realm-Sampler.app */;
			productType = "com.apple.product-type.application";
		};
/* End PBXNativeTarget section */

/* Begin PBXProject section */
		398887521D05B8A200E91C06 /* Project object */ = {
			isa = PBXProject;
			attributes = {
				LastSwiftUpdateCheck = 0730;
				LastUpgradeCheck = 0930;
				ORGANIZATIONNAME = ShinokiRyosei;
				TargetAttributes = {
					398887591D05B8A200E91C06 = {
						CreatedOnToolsVersion = 7.3.1;
						DevelopmentTeam = SLHYE76MHB;
						LastSwiftMigration = 0830;
					};
				};
			};
			buildConfigurationList = 398887551D05B8A200E91C06 /* Build configuration list for PBXProject "Realm-Sampler" */;
			compatibilityVersion = "Xcode 3.2";
			developmentRegion = English;
			hasScannedForEncodings = 0;
			knownRegions = (
				en,
				Base,
			);
			mainGroup = 398887511D05B8A200E91C06;
			productRefGroup = 3988875B1D05B8A200E91C06 /* Products */;
			projectDirPath = "";
			projectRoot = "";
			targets = (
				398887591D05B8A200E91C06 /* Realm-Sampler */,
			);
		};
/* End PBXProject section */

/* Begin PBXResourcesBuildPhase section */
		398887581D05B8A200E91C06 /* Resources */ = {
			isa = PBXResourcesBuildPhase;
			buildActionMask = 2147483647;
			files = (
				39B10F371D0F20D600649F1F /* CategoryCell.xib in Resources */,
				398887681D05B8A300E91C06 /* LaunchScreen.storyboard in Resources */,
				3988879C1D05C43A00E91C06 /* TodoCell.xib in Resources */,
				398887651D05B8A300E91C06 /* Assets.xcassets in Resources */,
				398887631D05B8A300E91C06 /* Main.storyboard in Resources */,
			);
			runOnlyForDeploymentPostprocessing = 0;
		};
/* End PBXResourcesBuildPhase section */

/* Begin PBXShellScriptBuildPhase section */
		39F41EA41E2628A9002C19B6 /* ShellScript */ = {
			isa = PBXShellScriptBuildPhase;
			buildActionMask = 2147483647;
			files = (
			);
			inputPaths = (
				"$(SRCROOT)/Carthage/Build/iOS/Realm.framework",
				"$(SRCROOT)/Carthage/Build/iOS/RealmSwift.framework",
			);
			outputPaths = (
			);
			runOnlyForDeploymentPostprocessing = 0;
			shellPath = /bin/sh;
			shellScript = "/usr/local/bin/carthage copy-frameworks";
		};
/* End PBXShellScriptBuildPhase section */

/* Begin PBXSourcesBuildPhase section */
		398887561D05B8A200E91C06 /* Sources */ = {
			isa = PBXSourcesBuildPhase;
			buildActionMask = 2147483647;
			files = (
				39B10F311D0F1F8000649F1F /* CategoryViewController.swift in Sources */,
				39F41E9D1E262134002C19B6 /* UITableView+Extension.swift in Sources */,
				3922DFBB1D0A085B0009BBBA /* DateExtension.swift in Sources */,
				398887601D05B8A300E91C06 /* ViewController.swift in Sources */,
				39E618E31D05D398009ECBC3 /* AddViewController.swift in Sources */,
				39E6705F1D0FECB6000521EB /* AddCategoryViewController.swift in Sources */,
				3988879B1D05C43A00E91C06 /* TodoCell.swift in Sources */,
				39F41E9A1E262087002C19B6 /* NibLoadable.swift in Sources */,
				3988875E1D05B8A300E91C06 /* AppDelegate.swift in Sources */,
				39F41E9F1E262157002C19B6 /* Reusable.swift in Sources */,
				394F3DC11D0F101600752948 /* Category.swift in Sources */,
				3988879F1D05C4B400E91C06 /* ToDo.swift in Sources */,
				39B10F361D0F20D600649F1F /* CategoryCell.swift in Sources */,
			);
			runOnlyForDeploymentPostprocessing = 0;
		};
/* End PBXSourcesBuildPhase section */

/* Begin PBXVariantGroup section */
		398887611D05B8A300E91C06 /* Main.storyboard */ = {
			isa = PBXVariantGroup;
			children = (
				398887621D05B8A300E91C06 /* Base */,
			);
			name = Main.storyboard;
			path = .;
			sourceTree = "<group>";
		};
		398887661D05B8A300E91C06 /* LaunchScreen.storyboard */ = {
			isa = PBXVariantGroup;
			children = (
				398887671D05B8A300E91C06 /* Base */,
			);
			name = LaunchScreen.storyboard;
			path = .;
			sourceTree = "<group>";
		};
/* End PBXVariantGroup section */

/* Begin XCBuildConfiguration section */
		398887801D05B8A300E91C06 /* Debug */ = {
			isa = XCBuildConfiguration;
			buildSettings = {
				ALWAYS_SEARCH_USER_PATHS = NO;
				CLANG_ANALYZER_NONNULL = YES;
				CLANG_CXX_LANGUAGE_STANDARD = "gnu++0x";
				CLANG_CXX_LIBRARY = "libc++";
				CLANG_ENABLE_MODULES = YES;
				CLANG_ENABLE_OBJC_ARC = YES;
				CLANG_WARN_BLOCK_CAPTURE_AUTORELEASING = YES;
				CLANG_WARN_BOOL_CONVERSION = YES;
				CLANG_WARN_COMMA = YES;
				CLANG_WARN_CONSTANT_CONVERSION = YES;
				CLANG_WARN_DEPRECATED_OBJC_IMPLEMENTATIONS = YES;
				CLANG_WARN_DIRECT_OBJC_ISA_USAGE = YES_ERROR;
				CLANG_WARN_EMPTY_BODY = YES;
				CLANG_WARN_ENUM_CONVERSION = YES;
				CLANG_WARN_INFINITE_RECURSION = YES;
				CLANG_WARN_INT_CONVERSION = YES;
				CLANG_WARN_NON_LITERAL_NULL_CONVERSION = YES;
				CLANG_WARN_OBJC_IMPLICIT_RETAIN_SELF = YES;
				CLANG_WARN_OBJC_LITERAL_CONVERSION = YES;
				CLANG_WARN_OBJC_ROOT_CLASS = YES_ERROR;
				CLANG_WARN_RANGE_LOOP_ANALYSIS = YES;
				CLANG_WARN_STRICT_PROTOTYPES = YES;
				CLANG_WARN_SUSPICIOUS_MOVE = YES;
				CLANG_WARN_UNREACHABLE_CODE = YES;
				CLANG_WARN__DUPLICATE_METHOD_MATCH = YES;
				"CODE_SIGN_IDENTITY[sdk=iphoneos*]" = "iPhone Developer";
				COPY_PHASE_STRIP = NO;
				DEBUG_INFORMATION_FORMAT = dwarf;
				ENABLE_STRICT_OBJC_MSGSEND = YES;
				ENABLE_TESTABILITY = YES;
				GCC_C_LANGUAGE_STANDARD = gnu99;
				GCC_DYNAMIC_NO_PIC = NO;
				GCC_NO_COMMON_BLOCKS = YES;
				GCC_OPTIMIZATION_LEVEL = 0;
				GCC_PREPROCESSOR_DEFINITIONS = (
					"DEBUG=1",
					"$(inherited)",
				);
				GCC_WARN_64_TO_32_BIT_CONVERSION = YES;
				GCC_WARN_ABOUT_RETURN_TYPE = YES_ERROR;
				GCC_WARN_UNDECLARED_SELECTOR = YES;
				GCC_WARN_UNINITIALIZED_AUTOS = YES_AGGRESSIVE;
				GCC_WARN_UNUSED_FUNCTION = YES;
				GCC_WARN_UNUSED_VARIABLE = YES;
				IPHONEOS_DEPLOYMENT_TARGET = 9.3;
				MTL_ENABLE_DEBUG_INFO = YES;
				ONLY_ACTIVE_ARCH = YES;
				SDKROOT = iphoneos;
				SWIFT_OPTIMIZATION_LEVEL = "-Onone";
				SWIFT_VERSION = 4.0;
			};
			name = Debug;
		};
		398887811D05B8A300E91C06 /* Release */ = {
			isa = XCBuildConfiguration;
			buildSettings = {
				ALWAYS_SEARCH_USER_PATHS = NO;
				CLANG_ANALYZER_NONNULL = YES;
				CLANG_CXX_LANGUAGE_STANDARD = "gnu++0x";
				CLANG_CXX_LIBRARY = "libc++";
				CLANG_ENABLE_MODULES = YES;
				CLANG_ENABLE_OBJC_ARC = YES;
				CLANG_WARN_BLOCK_CAPTURE_AUTORELEASING = YES;
				CLANG_WARN_BOOL_CONVERSION = YES;
				CLANG_WARN_COMMA = YES;
				CLANG_WARN_CONSTANT_CONVERSION = YES;
				CLANG_WARN_DEPRECATED_OBJC_IMPLEMENTATIONS = YES;
				CLANG_WARN_DIRECT_OBJC_ISA_USAGE = YES_ERROR;
				CLANG_WARN_EMPTY_BODY = YES;
				CLANG_WARN_ENUM_CONVERSION = YES;
				CLANG_WARN_INFINITE_RECURSION = YES;
				CLANG_WARN_INT_CONVERSION = YES;
				CLANG_WARN_NON_LITERAL_NULL_CONVERSION = YES;
				CLANG_WARN_OBJC_IMPLICIT_RETAIN_SELF = YES;
				CLANG_WARN_OBJC_LITERAL_CONVERSION = YES;
				CLANG_WARN_OBJC_ROOT_CLASS = YES_ERROR;
				CLANG_WARN_RANGE_LOOP_ANALYSIS = YES;
				CLANG_WARN_STRICT_PROTOTYPES = YES;
				CLANG_WARN_SUSPICIOUS_MOVE = YES;
				CLANG_WARN_UNREACHABLE_CODE = YES;
				CLANG_WARN__DUPLICATE_METHOD_MATCH = YES;
				"CODE_SIGN_IDENTITY[sdk=iphoneos*]" = "iPhone Developer";
				COPY_PHASE_STRIP = NO;
				DEBUG_INFORMATION_FORMAT = "dwarf-with-dsym";
				ENABLE_NS_ASSERTIONS = NO;
				ENABLE_STRICT_OBJC_MSGSEND = YES;
				GCC_C_LANGUAGE_STANDARD = gnu99;
				GCC_NO_COMMON_BLOCKS = YES;
				GCC_WARN_64_TO_32_BIT_CONVERSION = YES;
				GCC_WARN_ABOUT_RETURN_TYPE = YES_ERROR;
				GCC_WARN_UNDECLARED_SELECTOR = YES;
				GCC_WARN_UNINITIALIZED_AUTOS = YES_AGGRESSIVE;
				GCC_WARN_UNUSED_FUNCTION = YES;
				GCC_WARN_UNUSED_VARIABLE = YES;
				IPHONEOS_DEPLOYMENT_TARGET = 9.3;
				MTL_ENABLE_DEBUG_INFO = NO;
				SDKROOT = iphoneos;
				SWIFT_OPTIMIZATION_LEVEL = "-Owholemodule";
				SWIFT_VERSION = 4.0;
				VALIDATE_PRODUCT = YES;
			};
			name = Release;
		};
		398887831D05B8A300E91C06 /* Debug */ = {
			isa = XCBuildConfiguration;
			buildSettings = {
				ALWAYS_EMBED_SWIFT_STANDARD_LIBRARIES = YES;
				ASSETCATALOG_COMPILER_APPICON_NAME = AppIcon;
				DEVELOPMENT_TEAM = SLHYE76MHB;
				FRAMEWORK_SEARCH_PATHS = (
					"$(inherited)",
					"$(PROJECT_DIR)/Carthage/Build/iOS",
				);
				INFOPLIST_FILE = "Realm-Sampler/Info.plist";
				IPHONEOS_DEPLOYMENT_TARGET = 11.0;
				LD_RUNPATH_SEARCH_PATHS = "$(inherited) @executable_path/Frameworks";
				PRODUCT_BUNDLE_IDENTIFIER = "tv.shinokin.Realm-Sampler";
				PRODUCT_NAME = "$(TARGET_NAME)";
				SWIFT_VERSION = 4.2;
			};
			name = Debug;
		};
		398887841D05B8A300E91C06 /* Release */ = {
			isa = XCBuildConfiguration;
			buildSettings = {
				ALWAYS_EMBED_SWIFT_STANDARD_LIBRARIES = YES;
				ASSETCATALOG_COMPILER_APPICON_NAME = AppIcon;
				DEVELOPMENT_TEAM = SLHYE76MHB;
				FRAMEWORK_SEARCH_PATHS = (
					"$(inherited)",
					"$(PROJECT_DIR)/Carthage/Build/iOS",
				);
				INFOPLIST_FILE = "Realm-Sampler/Info.plist";
				IPHONEOS_DEPLOYMENT_TARGET = 11.0;
				LD_RUNPATH_SEARCH_PATHS = "$(inherited) @executable_path/Frameworks";
				PRODUCT_BUNDLE_IDENTIFIER = "tv.shinokin.Realm-Sampler";
				PRODUCT_NAME = "$(TARGET_NAME)";
				SWIFT_VERSION = 4.2;
			};
			name = Release;
		};
/* End XCBuildConfiguration section */

/* Begin XCConfigurationList section */
		398887551D05B8A200E91C06 /* Build configuration list for PBXProject "Realm-Sampler" */ = {
			isa = XCConfigurationList;
			buildConfigurations = (
				398887801D05B8A300E91C06 /* Debug */,
				398887811D05B8A300E91C06 /* Release */,
			);
			defaultConfigurationIsVisible = 0;
			defaultConfigurationName = Release;
		};
		398887821D05B8A300E91C06 /* Build configuration list for PBXNativeTarget "Realm-Sampler" */ = {
			isa = XCConfigurationList;
			buildConfigurations = (
				398887831D05B8A300E91C06 /* Debug */,
				398887841D05B8A300E91C06 /* Release */,
			);
			defaultConfigurationIsVisible = 0;
			defaultConfigurationName = Release;
		};
/* End XCConfigurationList section */
	};
	rootObject = 398887521D05B8A200E91C06 /* Project object */;
}
